<?xml version="1.0" encoding="utf-8"?>
<Project ToolsVersion="4.0" xmlns="http://schemas.microsoft.com/developer/msbuild/2003">
  <ItemGroup>
    <None Include="game.def" />
  </ItemGroup>
  <ItemGroup>
    <Filter Include="src">
      <UniqueIdentifier>{2b4115b2-12de-4fe1-8346-227ef381fc8d}</UniqueIdentifier>
    </Filter>
    <Filter Include="inc">
      <UniqueIdentifier>{e1810386-02c0-4fff-8105-8a6b8bdd92a7}</UniqueIdentifier>
    </Filter>
    <Filter Include="inc\shared">
      <UniqueIdentifier>{6f2022d4-528a-4247-8843-58553860cf6f}</UniqueIdentifier>
    </Filter>
    <Filter Include="inc\game">
      <UniqueIdentifier>{e0cc0d89-5523-4caf-b863-a4d6ea6e314f}</UniqueIdentifier>
    </Filter>
  </ItemGroup>
  <ItemGroup>
    <ClCompile Include="g_main.cpp">
      <Filter>src</Filter>
    </ClCompile>
    <ClCompile Include="g_wasm_api.cpp">
      <Filter>src</Filter>
    </ClCompile>
    <ClCompile Include="game\wasm.c">
      <Filter>inc\game</Filter>
    </ClCompile>
  </ItemGroup>
  <ItemGroup>
    <ClInclude Include="shared\client.h">
      <Filter>inc\shared</Filter>
    </ClInclude>
    <ClInclude Include="shared\entity.h">
      <Filter>inc\shared</Filter>
    </ClInclude>
    <ClInclude Include="g_main.h">
      <Filter>inc</Filter>
    </ClInclude>
    <ClInclude Include="g_wasm.h">
      <Filter>inc</Filter>
    </ClInclude>
    <ClInclude Include="g_wasm.hh">
      <Filter>inc</Filter>
    </ClInclude>
    <ClInclude Include="game\api.h">
      <Filter>inc\game</Filter>
    </ClInclude>
  </ItemGroup>
</Project>